
Microsoft Visual Studio Solution File, Format Version 12.00
# Visual Studio Version 17
VisualStudioVersion = 17.0.31903.59
MinimumVisualStudioVersion = 10.0.40219.1
Project("{FAE04EC0-301F-11D3-BF4B-00C04F79EFBC}") = "Zookeeper", "Zookeeper\Zookeeper.csproj", "{E4F8254D-76B1-4315-8D67-15EC0902D930}"
EndProject
Project("{FAE04EC0-301F-11D3-BF4B-00C04F79EFBC}") = "Zookeeper.Tests", "Zookeeper.Tests\Zookeeper.Tests.csproj", "{65EF6AFB-A23D-437B-874E-22D4D0FA7ED3}"
EndProject
Global
	GlobalSection(SolutionConfigurationPlatforms) = preSolution
		Debug|Any CPU = Debug|Any CPU
		Release|Any CPU = Release|Any CPU
	EndGlobalSection
	GlobalSection(SolutionProperties) = preSolution
		HideSolutionNode = FALSE
	EndGlobalSection
	GlobalSection(ProjectConfigurationPlatforms) = postSolution
		{E4F8254D-76B1-4315-8D67-15EC0902D930}.Debug|Any CPU.ActiveCfg = Debug|Any CPU
		{E4F8254D-76B1-4315-8D67-15EC0902D930}.Debug|Any CPU.Build.0 = Debug|Any CPU
		{E4F8254D-76B1-4315-8D67-15EC0902D930}.Release|Any CPU.ActiveCfg = Release|Any CPU
		{E4F8254D-76B1-4315-8D67-15EC0902D930}.Release|Any CPU.Build.0 = Release|Any CPU
		{65EF6AFB-A23D-437B-874E-22D4D0FA7ED3}.Debug|Any CPU.ActiveCfg = Debug|Any CPU
		{65EF6AFB-A23D-437B-874E-22D4D0FA7ED3}.Debug|Any CPU.Build.0 = Debug|Any CPU
		{65EF6AFB-A23D-437B-874E-22D4D0FA7ED3}.Release|Any CPU.ActiveCfg = Release|Any CPU
		{65EF6AFB-A23D-437B-874E-22D4D0FA7ED3}.Release|Any CPU.Build.0 = Release|Any CPU
	EndGlobalSection
EndGlobal
